
Microsoft Visual Studio Solution File, Format Version 12.00
# Visual Studio 15
VisualStudioVersion = 15.0.27703.2035
MinimumVisualStudioVersion = 10.0.40219.1
Project("{FAE04EC0-301F-11D3-BF4B-00C04F79EFBC}") = "ThirdHW", "ThirdHW\ThirdHW.csproj", "{4A20C248-5B3B-47B3-82C2-8DB33402D3CC}"
EndProject
Global
	GlobalSection(SolutionConfigurationPlatforms) = preSolution
		Debug|Any CPU = Debug|Any CPU
		Release|Any CPU = Release|Any CPU
	EndGlobalSection
	GlobalSection(ProjectConfigurationPlatforms) = postSolution
		{4A20C248-5B3B-47B3-82C2-8DB33402D3CC}.Debug|Any CPU.ActiveCfg = Debug|Any CPU
		{4A20C248-5B3B-47B3-82C2-8DB33402D3CC}.Debug|Any CPU.Build.0 = Debug|Any CPU
		{4A20C248-5B3B-47B3-82C2-8DB33402D3CC}.Release|Any CPU.ActiveCfg = Release|Any CPU
		{4A20C248-5B3B-47B3-82C2-8DB33402D3CC}.Release|Any CPU.Build.0 = Release|Any CPU
	EndGlobalSection
	GlobalSection(SolutionProperties) = preSolution
		HideSolutionNode = FALSE
	EndGlobalSection
	GlobalSection(ExtensibilityGlobals) = postSolution
		SolutionGuid = {64D23685-7A70-46EA-993C-E75028954FFD}
	EndGlobalSection
EndGlobal
